{
  "name": "lib",
  "lockfileVersion": 2,
  "requires": true,
  "packages": {
    "": {
      "dependencies": {
        "angularjs-toaster": "^3.0.0",
        "ngstorage": "^0.3.11"
      }
    },
    "node_modules/angularjs-toaster": {
      "version": "3.0.0",
      "resolved": "https://registry.npmjs.org/angularjs-toaster/-/angularjs-toaster-3.0.0.tgz",
      "integrity": "sha512-Upv5lkyrWWv9aIK4Jo7X9nCp1tPaWerSEeUrdjibm0GhwuW0/aoaUjn8Ou7IS8/QIGZspXrXHWGTa/CRBOj6Jg=="
    },
    "node_modules/ngstorage": {
      "version": "0.3.11",
      "resolved": "https://registry.npmjs.org/ngstorage/-/ngstorage-0.3.11.tgz",
      "integrity": "sha1-FjfEW4ctkJ2cx+GLN0iY1QsuhE8="
    }
  },
  "dependencies": {
    "angularjs-toaster": {
      "version": "3.0.0",
      "resolved": "https://registry.npmjs.org/angularjs-toaster/-/angularjs-toaster-3.0.0.tgz",
      "integrity": "sha512-Upv5lkyrWWv9aIK4Jo7X9nCp1tPaWerSEeUrdjibm0GhwuW0/aoaUjn8Ou7IS8/QIGZspXrXHWGTa/CRBOj6Jg=="
    },
    "ngstorage": {
      "version": "0.3.11",
      "resolved": "https://registry.npmjs.org/ngstorage/-/ngstorage-0.3.11.tgz",
      "integrity": "sha1-FjfEW4ctkJ2cx+GLN0iY1QsuhE8="
    }
  }
}
